PODS:
  - AMKeyboardAvoidingLayoutConstraint (1.0.1)

DEPENDENCIES:
  - AMKeyboardAvoidingLayoutConstraint (from `../`)

EXTERNAL SOURCES:
  AMKeyboardAvoidingLayoutConstraint:
    :path: ../

SPEC CHECKSUMS:
  AMKeyboardAvoidingLayoutConstraint: 7a99233f117195004e7c1ea45873b80e006f0145

PODFILE CHECKSUM: 210a03669d3e743bb1d6a4443bda4fc8a8720472

COCOAPODS: 1.3.0
